// !$*UTF8*$!
{
	archiveVersion = 1;
	classes = {
	};
	objectVersion = 50;
	objects = {

/* Begin PBXBuildFile section */
		E24643DE24749D5900F1A53B /* AppDelegate.swift in Sources */ = {isa = PBXBuildFile; fileRef = E24643DD24749D5900F1A53B /* AppDelegate.swift */; };
		E24643E024749D5900F1A53B /* SceneDelegate.swift in Sources */ = {isa = PBXBuildFile; fileRef = E24643DF24749D5900F1A53B /* SceneDelegate.swift */; };
		E24643E224749D5900F1A53B /* BitCoinVC.swift in Sources */ = {isa = PBXBuildFile; fileRef = E24643E124749D5900F1A53B /* BitCoinVC.swift */; };
		E24643E524749D5900F1A53B /* Main.storyboard in Resources */ = {isa = PBXBuildFile; fileRef = E24643E324749D5900F1A53B /* Main.storyboard */; };
		E24643E724749D5C00F1A53B /* Assets.xcassets in Resources */ = {isa = PBXBuildFile; fileRef = E24643E624749D5C00F1A53B /* Assets.xcassets */; };
		E24643EA24749D5C00F1A53B /* LaunchScreen.storyboard in Resources */ = {isa = PBXBuildFile; fileRef = E24643E824749D5C00F1A53B /* LaunchScreen.storyboard */; };
		E24643FB247590EB00F1A53B /* CoinManager.swift in Sources */ = {isa = PBXBuildFile; fileRef = E24643FA247590EB00F1A53B /* CoinManager.swift */; };
		E2BA5B952476CC4A006F1B6B /* CoinData.swift in Sources */ = {isa = PBXBuildFile; fileRef = E2BA5B942476CC4A006F1B6B /* CoinData.swift */; };
		E2BA5B97247714BB006F1B6B /* iTunesArtwork@2x.png in Resources */ = {isa = PBXBuildFile; fileRef = E2BA5B96247714BB006F1B6B /* iTunesArtwork@2x.png */; };
/* End PBXBuildFile section */

/* Begin PBXFileReference section */
		E24643DA24749D5900F1A53B /* ByteCoin.app */ = {isa = PBXFileReference; explicitFileType = wrapper.application; includeInIndex = 0; path = ByteCoin.app; sourceTree = BUILT_PRODUCTS_DIR; };
		E24643DD24749D5900F1A53B /* AppDelegate.swift */ = {isa = PBXFileReference; lastKnownFileType = sourcecode.swift; path = AppDelegate.swift; sourceTree = "<group>"; };
		E24643DF24749D5900F1A53B /* SceneDelegate.swift */ = {isa = PBXFileReference; lastKnownFileType = sourcecode.swift; path = SceneDelegate.swift; sourceTree = "<group>"; };
		E24643E124749D5900F1A53B /* BitCoinVC.swift */ = {isa = PBXFileReference; lastKnownFileType = sourcecode.swift; path = BitCoinVC.swift; sourceTree = "<group>"; };
		E24643E424749D5900F1A53B /* Base */ = {isa = PBXFileReference; lastKnownFileType = file.storyboard; name = Base; path = Base.lproj/Main.storyboard; sourceTree = "<group>"; };
		E24643E624749D5C00F1A53B /* Assets.xcassets */ = {isa = PBXFileReference; lastKnownFileType = folder.assetcatalog; path = Assets.xcassets; sourceTree = "<group>"; };
		E24643E924749D5C00F1A53B /* Base */ = {isa = PBXFileReference; lastKnownFileType = file.storyboard; name = Base; path = Base.lproj/LaunchScreen.storyboard; sourceTree = "<group>"; };
		E24643EB24749D5C00F1A53B /* Info.plist */ = {isa = PBXFileReference; lastKnownFileType = text.plist.xml; path = Info.plist; sourceTree = "<group>"; };
		E24643FA247590EB00F1A53B /* CoinManager.swift */ = {isa = PBXFileReference; lastKnownFileType = sourcecode.swift; path = CoinManager.swift; sourceTree = "<group>"; };
		E2BA5B942476CC4A006F1B6B /* CoinData.swift */ = {isa = PBXFileReference; lastKnownFileType = sourcecode.swift; path = CoinData.swift; sourceTree = "<group>"; };
		E2BA5B96247714BB006F1B6B /* iTunesArtwork@2x.png */ = {isa = PBXFileReference; lastKnownFileType = image.png; name = "iTunesArtwork@2x.png"; path = "../../App Brewery Massive Bundle/Image Assets/icons/set 2/bar/iTunesArtwork@2x.png"; sourceTree = "<group>"; };
/* End PBXFileReference section */

/* Begin PBXFrameworksBuildPhase section */
		E24643D724749D5900F1A53B /* Frameworks */ = {
			isa = PBXFrameworksBuildPhase;
			buildActionMask = 2147483647;
			files = (
			);
			runOnlyForDeploymentPostprocessing = 0;
		};
/* End PBXFrameworksBuildPhase section */

/* Begin PBXGroup section */
		E24643D124749D5900F1A53B = {
			isa = PBXGroup;
			children = (
				E24643DC24749D5900F1A53B /* ByteCoin */,
				E24643DB24749D5900F1A53B /* Products */,
				E2BA5B96247714BB006F1B6B /* iTunesArtwork@2x.png */,
			);
			sourceTree = "<group>";
		};
		E24643DB24749D5900F1A53B /* Products */ = {
			isa = PBXGroup;
			children = (
				E24643DA24749D5900F1A53B /* ByteCoin.app */,
			);
			name = Products;
			sourceTree = "<group>";
		};
		E24643DC24749D5900F1A53B /* ByteCoin */ = {
			isa = PBXGroup;
			children = (
				E24643DD24749D5900F1A53B /* AppDelegate.swift */,
				E24643DF24749D5900F1A53B /* SceneDelegate.swift */,
				E24643F72475907800F1A53B /* Model */,
				E24643F82475908100F1A53B /* View */,
				E24643F92475908800F1A53B /* Controller */,
				E24643E624749D5C00F1A53B /* Assets.xcassets */,
				E24643E824749D5C00F1A53B /* LaunchScreen.storyboard */,
				E24643EB24749D5C00F1A53B /* Info.plist */,
			);
			path = ByteCoin;
			sourceTree = "<group>";
		};
		E24643F72475907800F1A53B /* Model */ = {
			isa = PBXGroup;
			children = (
				E24643FA247590EB00F1A53B /* CoinManager.swift */,
				E2BA5B942476CC4A006F1B6B /* CoinData.swift */,
			);
			path = Model;
			sourceTree = "<group>";
		};
		E24643F82475908100F1A53B /* View */ = {
			isa = PBXGroup;
			children = (
				E24643E324749D5900F1A53B /* Main.storyboard */,
			);
			path = View;
			sourceTree = "<group>";
		};
		E24643F92475908800F1A53B /* Controller */ = {
			isa = PBXGroup;
			children = (
				E24643E124749D5900F1A53B /* BitCoinVC.swift */,
			);
			path = Controller;
			sourceTree = "<group>";
		};
/* End PBXGroup section */

/* Begin PBXNativeTarget section */
		E24643D924749D5900F1A53B /* ByteCoin */ = {
			isa = PBXNativeTarget;
			buildConfigurationList = E24643EE24749D5C00F1A53B /* Build configuration list for PBXNativeTarget "ByteCoin" */;
			buildPhases = (
				E24643D624749D5900F1A53B /* Sources */,
				E24643D724749D5900F1A53B /* Frameworks */,
				E24643D824749D5900F1A53B /* Resources */,
			);
			buildRules = (
			);
			dependencies = (
			);
			name = ByteCoin;
			productName = ByteCoin;
			productReference = E24643DA24749D5900F1A53B /* ByteCoin.app */;
			productType = "com.apple.product-type.application";
		};
/* End PBXNativeTarget section */

/* Begin PBXProject section */
		E24643D224749D5900F1A53B /* Project object */ = {
			isa = PBXProject;
			attributes = {
				LastSwiftUpdateCheck = 1140;
				LastUpgradeCheck = 1140;
				ORGANIZATIONNAME = "Jose Bello";
				TargetAttributes = {
					E24643D924749D5900F1A53B = {
						CreatedOnToolsVersion = 11.4.1;
					};
				};
			};
			buildConfigurationList = E24643D524749D5900F1A53B /* Build configuration list for PBXProject "ByteCoin" */;
			compatibilityVersion = "Xcode 9.3";
			developmentRegion = en;
			hasScannedForEncodings = 0;
			knownRegions = (
				en,
				Base,
			);
			mainGroup = E24643D124749D5900F1A53B;
			productRefGroup = E24643DB24749D5900F1A53B /* Products */;
			projectDirPath = "";
			projectRoot = "";
			targets = (
				E24643D924749D5900F1A53B /* ByteCoin */,
			);
		};
/* End PBXProject section */

/* Begin PBXResourcesBuildPhase section */
		E24643D824749D5900F1A53B /* Resources */ = {
			isa = PBXResourcesBuildPhase;
			buildActionMask = 2147483647;
			files = (
				E24643EA24749D5C00F1A53B /* LaunchScreen.storyboard in Resources */,
				E24643E724749D5C00F1A53B /* Assets.xcassets in Resources */,
				E24643E524749D5900F1A53B /* Main.storyboard in Resources */,
				E2BA5B97247714BB006F1B6B /* iTunesArtwork@2x.png in Resources */,
			);
			runOnlyForDeploymentPostprocessing = 0;
		};
/* End PBXResourcesBuildPhase section */

/* Begin PBXSourcesBuildPhase section */
		E24643D624749D5900F1A53B /* Sources */ = {
			isa = PBXSourcesBuildPhase;
			buildActionMask = 2147483647;
			files = (
				E2BA5B952476CC4A006F1B6B /* CoinData.swift in Sources */,
				E24643E224749D5900F1A53B /* BitCoinVC.swift in Sources */,
				E24643DE24749D5900F1A53B /* AppDelegate.swift in Sources */,
				E24643FB247590EB00F1A53B /* CoinManager.swift in Sources */,
				E24643E024749D5900F1A53B /* SceneDelegate.swift in Sources */,
			);
			runOnlyForDeploymentPostprocessing = 0;
		};
/* End PBXSourcesBuildPhase section */

/* Begin PBXVariantGroup section */
		E24643E324749D5900F1A53B /* Main.storyboard */ = {
			isa = PBXVariantGroup;
			children = (
				E24643E424749D5900F1A53B /* Base */,
			);
			name = Main.storyboard;
			sourceTree = "<group>";
		};
		E24643E824749D5C00F1A53B /* LaunchScreen.storyboard */ = {
			isa = PBXVariantGroup;
			children = (
				E24643E924749D5C00F1A53B /* Base */,
			);
			name = LaunchScreen.storyboard;
			sourceTree = "<group>";
		};
/* End PBXVariantGroup section */

/* Begin XCBuildConfiguration section */
		E24643EC24749D5C00F1A53B /* Debug */ = {
			isa = XCBuildConfiguration;
			buildSettings = {
				ALWAYS_SEARCH_USER_PATHS = NO;
				CLANG_ANALYZER_NONNULL = YES;
				CLANG_ANALYZER_NUMBER_OBJECT_CONVERSION = YES_AGGRESSIVE;
				CLANG_CXX_LANGUAGE_STANDARD = "gnu++14";
				CLANG_CXX_LIBRARY = "libc++";
				CLANG_ENABLE_MODULES = YES;
				CLANG_ENABLE_OBJC_ARC = YES;
				CLANG_ENABLE_OBJC_WEAK = YES;
				CLANG_WARN_BLOCK_CAPTURE_AUTORELEASING = YES;
				CLANG_WARN_BOOL_CONVERSION = YES;
				CLANG_WARN_COMMA = YES;
				CLANG_WARN_CONSTANT_CONVERSION = YES;
				CLANG_WARN_DEPRECATED_OBJC_IMPLEMENTATIONS = YES;
				CLANG_WARN_DIRECT_OBJC_ISA_USAGE = YES_ERROR;
				CLANG_WARN_DOCUMENTATION_COMMENTS = YES;
				CLANG_WARN_EMPTY_BODY = YES;
				CLANG_WARN_ENUM_CONVERSION = YES;
				CLANG_WARN_INFINITE_RECURSION = YES;
				CLANG_WARN_INT_CONVERSION = YES;
				CLANG_WARN_NON_LITERAL_NULL_CONVERSION = YES;
				CLANG_WARN_OBJC_IMPLICIT_RETAIN_SELF = YES;
				CLANG_WARN_OBJC_LITERAL_CONVERSION = YES;
				CLANG_WARN_OBJC_ROOT_CLASS = YES_ERROR;
				CLANG_WARN_RANGE_LOOP_ANALYSIS = YES;
				CLANG_WARN_STRICT_PROTOTYPES = YES;
				CLANG_WARN_SUSPICIOUS_MOVE = YES;
				CLANG_WARN_UNGUARDED_AVAILABILITY = YES_AGGRESSIVE;
				CLANG_WARN_UNREACHABLE_CODE = YES;
				CLANG_WARN__DUPLICATE_METHOD_MATCH = YES;
				COPY_PHASE_STRIP = NO;
				DEBUG_INFORMATION_FORMAT = dwarf;
				ENABLE_STRICT_OBJC_MSGSEND = YES;
				ENABLE_TESTABILITY = YES;
				GCC_C_LANGUAGE_STANDARD = gnu11;
				GCC_DYNAMIC_NO_PIC = NO;
				GCC_NO_COMMON_BLOCKS = YES;
				GCC_OPTIMIZATION_LEVEL = 0;
				GCC_PREPROCESSOR_DEFINITIONS = (
					"DEBUG=1",
					"$(inherited)",
				);
				GCC_WARN_64_TO_32_BIT_CONVERSION = YES;
				GCC_WARN_ABOUT_RETURN_TYPE = YES_ERROR;
				GCC_WARN_UNDECLARED_SELECTOR = YES;
				GCC_WARN_UNINITIALIZED_AUTOS = YES_AGGRESSIVE;
				GCC_WARN_UNUSED_FUNCTION = YES;
				GCC_WARN_UNUSED_VARIABLE = YES;
				IPHONEOS_DEPLOYMENT_TARGET = 13.4;
				MTL_ENABLE_DEBUG_INFO = INCLUDE_SOURCE;
				MTL_FAST_MATH = YES;
				ONLY_ACTIVE_ARCH = YES;
				SDKROOT = iphoneos;
				SWIFT_ACTIVE_COMPILATION_CONDITIONS = DEBUG;
				SWIFT_OPTIMIZATION_LEVEL = "-Onone";
			};
			name = Debug;
		};
		E24643ED24749D5C00F1A53B /* Release */ = {
			isa = XCBuildConfiguration;
			buildSettings = {
				ALWAYS_SEARCH_USER_PATHS = NO;
				CLANG_ANALYZER_NONNULL = YES;
				CLANG_ANALYZER_NUMBER_OBJECT_CONVERSION = YES_AGGRESSIVE;
				CLANG_CXX_LANGUAGE_STANDARD = "gnu++14";
				CLANG_CXX_LIBRARY = "libc++";
				CLANG_ENABLE_MODULES = YES;
				CLANG_ENABLE_OBJC_ARC = YES;
				CLANG_ENABLE_OBJC_WEAK = YES;
				CLANG_WARN_BLOCK_CAPTURE_AUTORELEASING = YES;
				CLANG_WARN_BOOL_CONVERSION = YES;
				CLANG_WARN_COMMA = YES;
				CLANG_WARN_CONSTANT_CONVERSION = YES;
				CLANG_WARN_DEPRECATED_OBJC_IMPLEMENTATIONS = YES;
				CLANG_WARN_DIRECT_OBJC_ISA_USAGE = YES_ERROR;
				CLANG_WARN_DOCUMENTATION_COMMENTS = YES;
				CLANG_WARN_EMPTY_BODY = YES;
				CLANG_WARN_ENUM_CONVERSION = YES;
				CLANG_WARN_INFINITE_RECURSION = YES;
				CLANG_WARN_INT_CONVERSION = YES;
				CLANG_WARN_NON_LITERAL_NULL_CONVERSION = YES;
				CLANG_WARN_OBJC_IMPLICIT_RETAIN_SELF = YES;
				CLANG_WARN_OBJC_LITERAL_CONVERSION = YES;
				CLANG_WARN_OBJC_ROOT_CLASS = YES_ERROR;
				CLANG_WARN_RANGE_LOOP_ANALYSIS = YES;
				CLANG_WARN_STRICT_PROTOTYPES = YES;
				CLANG_WARN_SUSPICIOUS_MOVE = YES;
				CLANG_WARN_UNGUARDED_AVAILABILITY = YES_AGGRESSIVE;
				CLANG_WARN_UNREACHABLE_CODE = YES;
				CLANG_WARN__DUPLICATE_METHOD_MATCH = YES;
				COPY_PHASE_STRIP = NO;
				DEBUG_INFORMATION_FORMAT = "dwarf-with-dsym";
				ENABLE_NS_ASSERTIONS = NO;
				ENABLE_STRICT_OBJC_MSGSEND = YES;
				GCC_C_LANGUAGE_STANDARD = gnu11;
				GCC_NO_COMMON_BLOCKS = YES;
				GCC_WARN_64_TO_32_BIT_CONVERSION = YES;
				GCC_WARN_ABOUT_RETURN_TYPE = YES_ERROR;
				GCC_WARN_UNDECLARED_SELECTOR = YES;
				GCC_WARN_UNINITIALIZED_AUTOS = YES_AGGRESSIVE;
				GCC_WARN_UNUSED_FUNCTION = YES;
				GCC_WARN_UNUSED_VARIABLE = YES;
				IPHONEOS_DEPLOYMENT_TARGET = 13.4;
				MTL_ENABLE_DEBUG_INFO = NO;
				MTL_FAST_MATH = YES;
				SDKROOT = iphoneos;
				SWIFT_COMPILATION_MODE = wholemodule;
				SWIFT_OPTIMIZATION_LEVEL = "-O";
				VALIDATE_PRODUCT = YES;
			};
			name = Release;
		};
		E24643EF24749D5C00F1A53B /* Debug */ = {
			isa = XCBuildConfiguration;
			buildSettings = {
				ASSETCATALOG_COMPILER_APPICON_NAME = AppIcon;
				CODE_SIGN_STYLE = Automatic;
				INFOPLIST_FILE = ByteCoin/Info.plist;
				LD_RUNPATH_SEARCH_PATHS = (
					"$(inherited)",
					"@executable_path/Frameworks",
				);
				PRODUCT_BUNDLE_IDENTIFIER = com.josebello.ByteCoin;
				PRODUCT_NAME = "$(TARGET_NAME)";
				SWIFT_VERSION = 5.0;
				TARGETED_DEVICE_FAMILY = "1,2";
			};
			name = Debug;
		};
		E24643F024749D5C00F1A53B /* Release */ = {
			isa = XCBuildConfiguration;
			buildSettings = {
				ASSETCATALOG_COMPILER_APPICON_NAME = AppIcon;
				CODE_SIGN_STYLE = Automatic;
				INFOPLIST_FILE = ByteCoin/Info.plist;
				LD_RUNPATH_SEARCH_PATHS = (
					"$(inherited)",
					"@executable_path/Frameworks",
				);
				PRODUCT_BUNDLE_IDENTIFIER = com.josebello.ByteCoin;
				PRODUCT_NAME = "$(TARGET_NAME)";
				SWIFT_VERSION = 5.0;
				TARGETED_DEVICE_FAMILY = "1,2";
			};
			name = Release;
		};
/* End XCBuildConfiguration section */

/* Begin XCConfigurationList section */
		E24643D524749D5900F1A53B /* Build configuration list for PBXProject "ByteCoin" */ = {
			isa = XCConfigurationList;
			buildConfigurations = (
				E24643EC24749D5C00F1A53B /* Debug */,
				E24643ED24749D5C00F1A53B /* Release */,
			);
			defaultConfigurationIsVisible = 0;
			defaultConfigurationName = Release;
		};
		E24643EE24749D5C00F1A53B /* Build configuration list for PBXNativeTarget "ByteCoin" */ = {
			isa = XCConfigurationList;
			buildConfigurations = (
				E24643EF24749D5C00F1A53B /* Debug */,
				E24643F024749D5C00F1A53B /* Release */,
			);
			defaultConfigurationIsVisible = 0;
			defaultConfigurationName = Release;
		};
/* End XCConfigurationList section */
	};
	rootObject = E24643D224749D5900F1A53B /* Project object */;
}
